
Microsoft Visual Studio Solution File, Format Version 12.00
# Visual Studio Version 16
VisualStudioVersion = 16.0.29806.167
MinimumVisualStudioVersion = 10.0.40219.1
Project("{FAE04EC0-301F-11D3-BF4B-00C04F79EFBC}") = "ayce", "ayce-main\ayce-code\ayce.csproj", "{75CCF8F4-1669-412B-AA04-0A45549EEDBA}"
EndProject
Global
	GlobalSection(SolutionConfigurationPlatforms) = preSolution
		Debug|Any CPU = Debug|Any CPU
		Release|Any CPU = Release|Any CPU
	EndGlobalSection
	GlobalSection(ProjectConfigurationPlatforms) = postSolution
		{75CCF8F4-1669-412B-AA04-0A45549EEDBA}.Debug|Any CPU.ActiveCfg = Debug|Any CPU
		{75CCF8F4-1669-412B-AA04-0A45549EEDBA}.Debug|Any CPU.Build.0 = Debug|Any CPU
		{75CCF8F4-1669-412B-AA04-0A45549EEDBA}.Release|Any CPU.ActiveCfg = Release|Any CPU
		{75CCF8F4-1669-412B-AA04-0A45549EEDBA}.Release|Any CPU.Build.0 = Release|Any CPU
	EndGlobalSection
	GlobalSection(SolutionProperties) = preSolution
		HideSolutionNode = FALSE
	EndGlobalSection
	GlobalSection(ExtensibilityGlobals) = postSolution
		SolutionGuid = {21B8C4AA-D8B4-473D-9853-C50940E06C66}
	EndGlobalSection
EndGlobal
